
Microsoft Visual Studio Solution File, Format Version 12.00
# Visual Studio Version 17
VisualStudioVersion = 17.9.34714.143
MinimumVisualStudioVersion = 10.0.40219.1
Project("{9A19103F-16F7-4668-BE54-9A1E7A4F7556}") = "ToetsCSharp", "ToetsCSharp\ToetsCSharp.csproj", "{055854E4-3946-45CF-A58D-A1A86188EF92}"
EndProject
Project("{FAE04EC0-301F-11D3-BF4B-00C04F79EFBC}") = "LibCSharp", "LibCSharp\LibCSharp.csproj", "{C7CB721D-F9E4-4D5F-8CD4-ADA69F196AAE}"
EndProject
Global
	GlobalSection(SolutionConfigurationPlatforms) = preSolution
		Debug|Any CPU = Debug|Any CPU
		Release|Any CPU = Release|Any CPU
	EndGlobalSection
	GlobalSection(ProjectConfigurationPlatforms) = postSolution
		{055854E4-3946-45CF-A58D-A1A86188EF92}.Debug|Any CPU.ActiveCfg = Debug|Any CPU
		{055854E4-3946-45CF-A58D-A1A86188EF92}.Debug|Any CPU.Build.0 = Debug|Any CPU
		{055854E4-3946-45CF-A58D-A1A86188EF92}.Release|Any CPU.ActiveCfg = Release|Any CPU
		{055854E4-3946-45CF-A58D-A1A86188EF92}.Release|Any CPU.Build.0 = Release|Any CPU
		{C7CB721D-F9E4-4D5F-8CD4-ADA69F196AAE}.Debug|Any CPU.ActiveCfg = Debug|Any CPU
		{C7CB721D-F9E4-4D5F-8CD4-ADA69F196AAE}.Debug|Any CPU.Build.0 = Debug|Any CPU
		{C7CB721D-F9E4-4D5F-8CD4-ADA69F196AAE}.Release|Any CPU.ActiveCfg = Release|Any CPU
		{C7CB721D-F9E4-4D5F-8CD4-ADA69F196AAE}.Release|Any CPU.Build.0 = Release|Any CPU
	EndGlobalSection
	GlobalSection(SolutionProperties) = preSolution
		HideSolutionNode = FALSE
	EndGlobalSection
	GlobalSection(ExtensibilityGlobals) = postSolution
		SolutionGuid = {83B2FDCE-1970-415E-8B2C-6A81C99462FE}
	EndGlobalSection
EndGlobal
